
Microsoft Visual Studio Solution File, Format Version 12.00
# Visual Studio 15
VisualStudioVersion = 15.0.27703.2047
MinimumVisualStudioVersion = 10.0.40219.1
Project("{FAE04EC0-301F-11D3-BF4B-00C04F79EFBC}") = "SoLieuBaoCao", "SoLieuBaoCao\SoLieuBaoCao.csproj", "{1369BAB0-E01C-4FC6-AAD3-5F756EF5A989}"
EndProject
Project("{2150E333-8FDC-42A3-9474-1A3956D46DE8}") = "Inits", "Inits", "{3AA405FE-DE6F-4CDF-ADFC-D4B253FCBA34}"
EndProject
Project("{FAE04EC0-301F-11D3-BF4B-00C04F79EFBC}") = "daoSLBC", "daoSLBC\daoSLBC.csproj", "{EC5A70B3-E3B7-477D-99E2-3AEF70426F70}"
EndProject
Project("{FAE04EC0-301F-11D3-BF4B-00C04F79EFBC}") = "BaoBieu", "BaoBieu\BaoBieu.csproj", "{1A6779A1-3A2A-4956-95EB-230CC68D63A3}"
EndProject
Project("{FAE04EC0-301F-11D3-BF4B-00C04F79EFBC}") = "Test", "Test\Test.csproj", "{F8D9F9F2-A528-4B5B-844E-BD4A126B1D1E}"
EndProject
Project("{FAE04EC0-301F-11D3-BF4B-00C04F79EFBC}") = "daoSLKT", "daoSLKT\daoSLKT.csproj", "{C91C5B3A-23A9-480F-B196-C6041EE6043D}"
EndProject
Project("{FAE04EC0-301F-11D3-BF4B-00C04F79EFBC}") = "daoSLPH", "daoSLPH\daoSLPH.csproj", "{A45FD7BC-8272-4C79-BE2C-D3DF4E378A34}"
EndProject
Project("{FAE04EC0-301F-11D3-BF4B-00C04F79EFBC}") = "LaySoLieu", "LaySoLieu\LaySoLieu.csproj", "{9E63A5AC-E421-4511-9AA4-153919DC471D}"
EndProject
Project("{FAE04EC0-301F-11D3-BF4B-00C04F79EFBC}") = "daoSLTH", "daoSLTH\daoSLTH.csproj", "{92403B52-30D4-4C19-BCD0-41B5826C0D2D}"
EndProject
Project("{FAE04EC0-301F-11D3-BF4B-00C04F79EFBC}") = "DuLieuBCCP", "DuLieuBCCP\DuLieuBCCP.csproj", "{04500A7E-4CCF-40A6-AC88-14AA2CF7A60E}"
EndProject
Global
	GlobalSection(SolutionConfigurationPlatforms) = preSolution
		Debug|Any CPU = Debug|Any CPU
		Release|Any CPU = Release|Any CPU
	EndGlobalSection
	GlobalSection(ProjectConfigurationPlatforms) = postSolution
		{1369BAB0-E01C-4FC6-AAD3-5F756EF5A989}.Debug|Any CPU.ActiveCfg = Debug|Any CPU
		{1369BAB0-E01C-4FC6-AAD3-5F756EF5A989}.Debug|Any CPU.Build.0 = Debug|Any CPU
		{1369BAB0-E01C-4FC6-AAD3-5F756EF5A989}.Release|Any CPU.ActiveCfg = Release|Any CPU
		{1369BAB0-E01C-4FC6-AAD3-5F756EF5A989}.Release|Any CPU.Build.0 = Release|Any CPU
		{EC5A70B3-E3B7-477D-99E2-3AEF70426F70}.Debug|Any CPU.ActiveCfg = Debug|Any CPU
		{EC5A70B3-E3B7-477D-99E2-3AEF70426F70}.Debug|Any CPU.Build.0 = Debug|Any CPU
		{EC5A70B3-E3B7-477D-99E2-3AEF70426F70}.Release|Any CPU.ActiveCfg = Release|Any CPU
		{EC5A70B3-E3B7-477D-99E2-3AEF70426F70}.Release|Any CPU.Build.0 = Release|Any CPU
		{1A6779A1-3A2A-4956-95EB-230CC68D63A3}.Debug|Any CPU.ActiveCfg = Debug|Any CPU
		{1A6779A1-3A2A-4956-95EB-230CC68D63A3}.Debug|Any CPU.Build.0 = Debug|Any CPU
		{1A6779A1-3A2A-4956-95EB-230CC68D63A3}.Release|Any CPU.ActiveCfg = Release|Any CPU
		{1A6779A1-3A2A-4956-95EB-230CC68D63A3}.Release|Any CPU.Build.0 = Release|Any CPU
		{F8D9F9F2-A528-4B5B-844E-BD4A126B1D1E}.Debug|Any CPU.ActiveCfg = Debug|Any CPU
		{F8D9F9F2-A528-4B5B-844E-BD4A126B1D1E}.Debug|Any CPU.Build.0 = Debug|Any CPU
		{F8D9F9F2-A528-4B5B-844E-BD4A126B1D1E}.Release|Any CPU.ActiveCfg = Release|Any CPU
		{F8D9F9F2-A528-4B5B-844E-BD4A126B1D1E}.Release|Any CPU.Build.0 = Release|Any CPU
		{C91C5B3A-23A9-480F-B196-C6041EE6043D}.Debug|Any CPU.ActiveCfg = Debug|Any CPU
		{C91C5B3A-23A9-480F-B196-C6041EE6043D}.Debug|Any CPU.Build.0 = Debug|Any CPU
		{C91C5B3A-23A9-480F-B196-C6041EE6043D}.Release|Any CPU.ActiveCfg = Release|Any CPU
		{C91C5B3A-23A9-480F-B196-C6041EE6043D}.Release|Any CPU.Build.0 = Release|Any CPU
		{A45FD7BC-8272-4C79-BE2C-D3DF4E378A34}.Debug|Any CPU.ActiveCfg = Debug|Any CPU
		{A45FD7BC-8272-4C79-BE2C-D3DF4E378A34}.Debug|Any CPU.Build.0 = Debug|Any CPU
		{A45FD7BC-8272-4C79-BE2C-D3DF4E378A34}.Release|Any CPU.ActiveCfg = Release|Any CPU
		{A45FD7BC-8272-4C79-BE2C-D3DF4E378A34}.Release|Any CPU.Build.0 = Release|Any CPU
		{9E63A5AC-E421-4511-9AA4-153919DC471D}.Debug|Any CPU.ActiveCfg = Debug|Any CPU
		{9E63A5AC-E421-4511-9AA4-153919DC471D}.Debug|Any CPU.Build.0 = Debug|Any CPU
		{9E63A5AC-E421-4511-9AA4-153919DC471D}.Release|Any CPU.ActiveCfg = Release|Any CPU
		{9E63A5AC-E421-4511-9AA4-153919DC471D}.Release|Any CPU.Build.0 = Release|Any CPU
		{92403B52-30D4-4C19-BCD0-41B5826C0D2D}.Debug|Any CPU.ActiveCfg = Debug|Any CPU
		{92403B52-30D4-4C19-BCD0-41B5826C0D2D}.Debug|Any CPU.Build.0 = Debug|Any CPU
		{92403B52-30D4-4C19-BCD0-41B5826C0D2D}.Release|Any CPU.ActiveCfg = Release|Any CPU
		{92403B52-30D4-4C19-BCD0-41B5826C0D2D}.Release|Any CPU.Build.0 = Release|Any CPU
		{04500A7E-4CCF-40A6-AC88-14AA2CF7A60E}.Debug|Any CPU.ActiveCfg = Debug|Any CPU
		{04500A7E-4CCF-40A6-AC88-14AA2CF7A60E}.Debug|Any CPU.Build.0 = Debug|Any CPU
		{04500A7E-4CCF-40A6-AC88-14AA2CF7A60E}.Release|Any CPU.ActiveCfg = Release|Any CPU
		{04500A7E-4CCF-40A6-AC88-14AA2CF7A60E}.Release|Any CPU.Build.0 = Release|Any CPU
	EndGlobalSection
	GlobalSection(SolutionProperties) = preSolution
		HideSolutionNode = FALSE
	EndGlobalSection
	GlobalSection(NestedProjects) = preSolution
		{EC5A70B3-E3B7-477D-99E2-3AEF70426F70} = {3AA405FE-DE6F-4CDF-ADFC-D4B253FCBA34}
		{1A6779A1-3A2A-4956-95EB-230CC68D63A3} = {3AA405FE-DE6F-4CDF-ADFC-D4B253FCBA34}
		{F8D9F9F2-A528-4B5B-844E-BD4A126B1D1E} = {3AA405FE-DE6F-4CDF-ADFC-D4B253FCBA34}
		{C91C5B3A-23A9-480F-B196-C6041EE6043D} = {3AA405FE-DE6F-4CDF-ADFC-D4B253FCBA34}
		{A45FD7BC-8272-4C79-BE2C-D3DF4E378A34} = {3AA405FE-DE6F-4CDF-ADFC-D4B253FCBA34}
		{92403B52-30D4-4C19-BCD0-41B5826C0D2D} = {3AA405FE-DE6F-4CDF-ADFC-D4B253FCBA34}
		{04500A7E-4CCF-40A6-AC88-14AA2CF7A60E} = {3AA405FE-DE6F-4CDF-ADFC-D4B253FCBA34}
	EndGlobalSection
	GlobalSection(ExtensibilityGlobals) = postSolution
		SolutionGuid = {9A83200B-8DE4-4995-BD3A-9473B20A66B9}
	EndGlobalSection
EndGlobal
